{
  "version": 4,
  "terraform_version": "1.14.8",
  "serial": 3,
  "lineage": "065e1d57-1edd-1b2d-d7b6-adf9585c3fd3",
  "outputs": {
    "instance_ip": {
      "value": "34.58.114.31",
      "type": "string"
    },
    "instance_name": {
      "value": "lms-instance",
      "type": "string"
    },
    "instance_zone": {
      "value": "us-central1-c",
      "type": "string"
    }
  },
  "resources": [
    {
      "mode": "managed",
      "type": "google_compute_firewall",
      "name": "allow_http",
      "provider": "provider[\"registry.terraform.io/hashicorp/google\"]",
      "instances": [
        {
          "schema_version": 1,
          "attributes": {
            "allow": [
              {
                "ports": [
                  "80",
                  "443",
                  "4000"
                ],
                "protocol": "tcp"
              }
            ],
            "creation_timestamp": "2026-04-04T16:41:17.858-07:00",
            "deny": [],
            "description": "",
            "destination_ranges": [],
            "direction": "INGRESS",
            "disabled": false,
            "enable_logging": null,
            "id": "projects/ct5191-nsc-lab/global/firewalls/allow-http",
            "log_config": [],
            "name": "allow-http",
            "network": "https://www.googleapis.com/compute/v1/projects/ct5191-nsc-lab/global/networks/default",
            "priority": 1000,
            "project": "ct5191-nsc-lab",
            "self_link": "https://www.googleapis.com/compute/v1/projects/ct5191-nsc-lab/global/firewalls/allow-http",
            "source_ranges": [
              "0.0.0.0/0"
            ],
            "source_service_accounts": null,
            "source_tags": null,
            "target_service_accounts": null,
            "target_tags": [
              "http-server"
            ],
            "timeouts": null
          },
          "sensitive_attributes": [],
          "identity_schema_version": 0,
          "private": "eyJlMmJmYjczMC1lY2FhLTExZTYtOGY4OC0zNDM2M2JjN2M0YzAiOnsiY3JlYXRlIjoxMjAwMDAwMDAwMDAwLCJkZWxldGUiOjEyMDAwMDAwMDAwMDAsInVwZGF0ZSI6MTIwMDAwMDAwMDAwMH0sInNjaGVtYV92ZXJzaW9uIjoiMSJ9"
        }
      ]
    },
    {
      "mode": "managed",
      "type": "google_compute_instance",
      "name": "vm_instance",
      "provider": "provider[\"registry.terraform.io/hashicorp/google\"]",
      "instances": [
        {
          "schema_version": 6,
          "attributes": {
            "advanced_machine_features": [],
            "allow_stopping_for_update": null,
            "attached_disk": [],
            "boot_disk": [
              {
                "auto_delete": true,
                "device_name": "persistent-disk-0",
                "disk_encryption_key_raw": "",
                "disk_encryption_key_sha256": "",
                "initialize_params": [
                  {
                    "image": "https://www.googleapis.com/compute/v1/projects/ubuntu-os-cloud/global/images/ubuntu-2204-jammy-v20260313",
                    "labels": {},
                    "resource_manager_tags": null,
                    "size": 20,
                    "type": "pd-standard"
                  }
                ],
                "kms_key_self_link": "",
                "mode": "READ_WRITE",
                "source": "https://www.googleapis.com/compute/v1/projects/ct5191-nsc-lab/zones/us-central1-c/disks/lms-instance"
              }
            ],
            "can_ip_forward": false,
            "confidential_instance_config": [],
            "cpu_platform": "Intel Broadwell",
            "current_status": "RUNNING",
            "deletion_protection": false,
            "description": "",
            "desired_status": null,
            "enable_display": false,
            "guest_accelerator": [],
            "hostname": "",
            "id": "projects/ct5191-nsc-lab/zones/us-central1-c/instances/lms-instance",
            "instance_id": "2993179114140868465",
            "label_fingerprint": "42WmSpB8rSM=",
            "labels": null,
            "machine_type": "e2-standard-2",
            "metadata": {
              "ssh-keys": "ubuntu:ssh-rsa AAAAB3NzaC1yc2EAAAADAQABAAACAQCtuzv4aWf1NC8/m2zsNd0JawppSXgoGUZNaAjbv4t2N2CZwfsdxBpZxw6DvjmtYCYJHX62kBdw2crL8xJS6+7URpcGefgRgVmsgb/G0AJAt1RfbpDal5pWfBtzA23ClXIGOSNIhB5kPpntm+BbWxZZSl9PJ134oIOU9qjzIs8qrleCIRid/Fqq9m23zH3kyT49wH07XpncO207p0Heoxqnu23qaIJK2bfQ2GwYhmXoQR3iWBHLHICGCe4XKFAjpER2VsbGjHxgttIrCvULYVNdp6IDWtywIAoT6ED5F8Ylr7opf2bIRJi+9r8lYh/P1yQpWv64mQXDUirOoPrm8Uz481ugL4vJYiCjoR9k7ecbS6E97dviH/Q7wuKF5UjEQa9qPrVMuhgpaH/jAZz5FJ9+fupVsD9e1dcsZL9VVKMGTdnnByvmBMYtQsoJvQ0jzUseXR9/M9J8rmO0D84AcX5jli9RvCdllBER78MMLnvUeB5t6Hgtz++24ZqJBGzFTpsTJP2cvvyNgZYUz/QJdG0/XIlNjEeRi7pr8NCpnsek8nywTJ9VmpdsLQvP4SVKPwSWWDMjop714IncLfyVrzhlju0sONjk5R7vBz+I0X67diiGl3Qi5DObRCKm+lrLIGUN9sLMIjtN4xMWy4pmp2z3EMBv19e/JGuCwnYIxT1acQ== julienjessmon@gmail.com"
            },
            "metadata_fingerprint": "K83ydpwoxnM=",
            "metadata_startup_script": "#!/bin/bash\napt-get update\n",
            "min_cpu_platform": "",
            "name": "lms-instance",
            "network_interface": [
              {
                "access_config": [
                  {
                    "nat_ip": "34.58.114.31",
                    "network_tier": "PREMIUM",
                    "public_ptr_domain_name": ""
                  }
                ],
                "alias_ip_range": [],
                "internal_ipv6_prefix_length": 0,
                "ipv6_access_config": [],
                "ipv6_access_type": "",
                "ipv6_address": "",
                "name": "nic0",
                "network": "https://www.googleapis.com/compute/v1/projects/ct5191-nsc-lab/global/networks/default",
                "network_ip": "10.128.0.3",
                "nic_type": "",
                "queue_count": 0,
                "stack_type": "IPV4_ONLY",
                "subnetwork": "https://www.googleapis.com/compute/v1/projects/ct5191-nsc-lab/regions/us-central1/subnetworks/default",
                "subnetwork_project": "ct5191-nsc-lab"
              }
            ],
            "network_performance_config": [],
            "params": [],
            "project": "ct5191-nsc-lab",
            "reservation_affinity": [],
            "resource_policies": null,
            "scheduling": [
              {
                "automatic_restart": true,
                "instance_termination_action": "",
                "local_ssd_recovery_timeout": [],
                "min_node_cpus": 0,
                "node_affinities": [],
                "on_host_maintenance": "MIGRATE",
                "preemptible": false,
                "provisioning_model": "STANDARD"
              }
            ],
            "scratch_disk": [],
            "self_link": "https://www.googleapis.com/compute/v1/projects/ct5191-nsc-lab/zones/us-central1-c/instances/lms-instance",
            "service_account": [],
            "shielded_instance_config": [
              {
                "enable_integrity_monitoring": true,
                "enable_secure_boot": false,
                "enable_vtpm": true
              }
            ],
            "tags": [
              "http-server",
              "https-server"
            ],
            "tags_fingerprint": "6smc4R4d39I=",
            "timeouts": null,
            "zone": "us-central1-c"
          },
          "sensitive_attributes": [
            [
              {
                "type": "get_attr",
                "value": "boot_disk"
              },
              {
                "type": "index",
                "value": {
                  "value": 0,
                  "type": "number"
                }
              },
              {
                "type": "get_attr",
                "value": "disk_encryption_key_raw"
              }
            ]
          ],
          "identity_schema_version": 0,
          "private": "eyJlMmJmYjczMC1lY2FhLTExZTYtOGY4OC0zNDM2M2JjN2M0YzAiOnsiY3JlYXRlIjoxMjAwMDAwMDAwMDAwLCJkZWxldGUiOjEyMDAwMDAwMDAwMDAsInVwZGF0ZSI6MTIwMDAwMDAwMDAwMH0sInNjaGVtYV92ZXJzaW9uIjoiNiJ9"
        }
      ]
    }
  ],
  "check_results": null
}
